
Microsoft Visual Studio Solution File, Format Version 12.00
# Visual Studio Version 16
VisualStudioVersion = 16.0.31624.102
MinimumVisualStudioVersion = 10.0.40219.1
Project("{FAE04EC0-301F-11D3-BF4B-00C04F79EFBC}") = "Estrutura de Repetição", "Estrutura de Repetição\Estrutura de Repetição.csproj", "{FC92F337-80CE-4909-A5B9-CA689E19C8B5}"
EndProject
Global
	GlobalSection(SolutionConfigurationPlatforms) = preSolution
		Debug|Any CPU = Debug|Any CPU
		Release|Any CPU = Release|Any CPU
	EndGlobalSection
	GlobalSection(ProjectConfigurationPlatforms) = postSolution
		{FC92F337-80CE-4909-A5B9-CA689E19C8B5}.Debug|Any CPU.ActiveCfg = Debug|Any CPU
		{FC92F337-80CE-4909-A5B9-CA689E19C8B5}.Debug|Any CPU.Build.0 = Debug|Any CPU
		{FC92F337-80CE-4909-A5B9-CA689E19C8B5}.Release|Any CPU.ActiveCfg = Release|Any CPU
		{FC92F337-80CE-4909-A5B9-CA689E19C8B5}.Release|Any CPU.Build.0 = Release|Any CPU
	EndGlobalSection
	GlobalSection(SolutionProperties) = preSolution
		HideSolutionNode = FALSE
	EndGlobalSection
	GlobalSection(ExtensibilityGlobals) = postSolution
		SolutionGuid = {D206E9AF-08CF-411D-B20B-7CD0241286B0}
	EndGlobalSection
EndGlobal
